
Microsoft Visual Studio Solution File, Format Version 12.00
# Visual Studio Version 16
VisualStudioVersion = 16.0.32228.343
MinimumVisualStudioVersion = 10.0.40219.1
Project("{FAE04EC0-301F-11D3-BF4B-00C04F79EFBC}") = "Projeto_noticias", "Projeto_noticias\Projeto_noticias.csproj", "{2979C058-2CB9-4DC8-B03F-A24E28F83331}"
EndProject
Global
	GlobalSection(SolutionConfigurationPlatforms) = preSolution
		Debug|Any CPU = Debug|Any CPU
		Release|Any CPU = Release|Any CPU
	EndGlobalSection
	GlobalSection(ProjectConfigurationPlatforms) = postSolution
		{2979C058-2CB9-4DC8-B03F-A24E28F83331}.Debug|Any CPU.ActiveCfg = Debug|Any CPU
		{2979C058-2CB9-4DC8-B03F-A24E28F83331}.Debug|Any CPU.Build.0 = Debug|Any CPU
		{2979C058-2CB9-4DC8-B03F-A24E28F83331}.Release|Any CPU.ActiveCfg = Release|Any CPU
		{2979C058-2CB9-4DC8-B03F-A24E28F83331}.Release|Any CPU.Build.0 = Release|Any CPU
	EndGlobalSection
	GlobalSection(SolutionProperties) = preSolution
		HideSolutionNode = FALSE
	EndGlobalSection
	GlobalSection(ExtensibilityGlobals) = postSolution
		SolutionGuid = {B9C7950A-2632-4CFF-A5FC-445D53C1FA39}
	EndGlobalSection
EndGlobal
